{
  "nodes": {
    "dotfiles-nvim": {
      "flake": false,
      "locked": {
        "lastModified": 1778724126,
        "narHash": "sha256-kiLtBR1M90WjoCTE+JBP9WGoGBCNCRlNt+goqxWB5pg=",
        "owner": "franciscoavilaluna",
        "repo": "nvim",
        "rev": "d05fb52bb9f22c0646e0c4002891a62db67465e8",
        "type": "github"
      },
      "original": {
        "owner": "franciscoavilaluna",
        "repo": "nvim",
        "type": "github"
      }
    },
    "dotfiles-tmux": {
      "flake": false,
      "locked": {
        "lastModified": 1777582504,
        "narHash": "sha256-UnQpKvqoccFLgJyBSylic+y1ZvZJC0dxq7BwtziLtBc=",
        "owner": "franciscoavilaluna",
        "repo": "tmux",
        "rev": "2ed98caae48db354d56c67a58032f2192671174d",
        "type": "github"
      },
      "original": {
        "owner": "franciscoavilaluna",
        "repo": "tmux",
        "type": "github"
      }
    },
    "home-manager": {
      "inputs": {
        "nixpkgs": [
          "nixpkgs"
        ]
      },
      "locked": {
        "lastModified": 1778628724,
        "narHash": "sha256-VNG6hJ146VEenXcDrB3t6MVnrMx+gtyCWTCDkzOp9Qs=",
        "owner": "nix-community",
        "repo": "home-manager",
        "rev": "6a0bbd6b4720da1c9ce7ebf35ff5c41a82db367a",
        "type": "github"
      },
      "original": {
        "owner": "nix-community",
        "repo": "home-manager",
        "type": "github"
      }
    },
    "nixpkgs": {
      "locked": {
        "lastModified": 1778443072,
        "narHash": "sha256-zi7/fsqM/kFdNuED//4WOCUtezGtKKqRNORjMvfwjnA=",
        "owner": "NixOS",
        "repo": "nixpkgs",
        "rev": "da5ad661ba4e5ef59ba743f0d112cbc30e474f32",
        "type": "github"
      },
      "original": {
        "id": "nixpkgs",
        "ref": "nixos-unstable",
        "type": "indirect"
      }
    },
    "root": {
      "inputs": {
        "dotfiles-nvim": "dotfiles-nvim",
        "dotfiles-tmux": "dotfiles-tmux",
        "home-manager": "home-manager",
        "nixpkgs": "nixpkgs"
      }
    }
  },
  "root": "root",
  "version": 7
}
