{
  "nodes": {
    "dotfiles-nvim": {
      "flake": false,
      "locked": {
        "lastModified": 1777064641,
        "narHash": "sha256-hUahL1pYYacMK3n+KAWHdf65ip3Tcv3P25y28AKSv50=",
        "owner": "franciscoavilaluna",
        "repo": "nvim",
        "rev": "ee3a1ae6487f0793c79624e8a1e3c78773938db4",
        "type": "github"
      },
      "original": {
        "owner": "franciscoavilaluna",
        "repo": "nvim",
        "type": "github"
      }
    },
    "dotfiles-quickshell": {
      "flake": false,
      "locked": {
        "lastModified": 1777065420,
        "narHash": "sha256-B492azzKxab7/Wl6YkDtCBHJGFX3xT4DXFed0HJCnVo=",
        "owner": "franciscoavilaluna",
        "repo": "quickshell",
        "rev": "b84893ee0314366ee4a88fe254a1a76ec983ca29",
        "type": "github"
      },
      "original": {
        "owner": "franciscoavilaluna",
        "repo": "quickshell",
        "type": "github"
      }
    },
    "home-manager": {
      "inputs": {
        "nixpkgs": [
          "nixpkgs"
        ]
      },
      "locked": {
        "lastModified": 1777004352,
        "narHash": "sha256-SV+9PgNwZ8jHVCjK6YaCBzaheLSW7cDnm5DpOYrD8Vw=",
        "owner": "nix-community",
        "repo": "home-manager",
        "rev": "6012cf1fed3eba66115f3fd117b9be6bd2a15b2f",
        "type": "github"
      },
      "original": {
        "owner": "nix-community",
        "repo": "home-manager",
        "type": "github"
      }
    },
    "nixpkgs": {
      "locked": {
        "lastModified": 1776548001,
        "narHash": "sha256-ZSK0NL4a1BwVbbTBoSnWgbJy9HeZFXLYQizjb2DPF24=",
        "owner": "NixOS",
        "repo": "nixpkgs",
        "rev": "b12141ef619e0a9c1c84dc8c684040326f27cdcc",
        "type": "github"
      },
      "original": {
        "id": "nixpkgs",
        "ref": "nixos-unstable",
        "type": "indirect"
      }
    },
    "root": {
      "inputs": {
        "dotfiles-nvim": "dotfiles-nvim",
        "dotfiles-quickshell": "dotfiles-quickshell",
        "home-manager": "home-manager",
        "nixpkgs": "nixpkgs"
      }
    }
  },
  "root": "root",
  "version": 7
}
